
Microsoft Visual Studio Solution File, Format Version 12.00
# Visual Studio Version 17
VisualStudioVersion = 17.14.36811.4
MinimumVisualStudioVersion = 10.0.40219.1
Project("{FAE04EC0-301F-11D3-BF4B-00C04F79EFBC}") = "Berri_X1_Reports", "Berri_X1_Reports\Berri_X1_Reports.csproj", "{9699987E-C6A6-41EA-A1FD-8A4A62BD50EE}"
EndProject
Global
	GlobalSection(SolutionConfigurationPlatforms) = preSolution
		Debug|Any CPU = Debug|Any CPU
		Release|Any CPU = Release|Any CPU
	EndGlobalSection
	GlobalSection(ProjectConfigurationPlatforms) = postSolution
		{9699987E-C6A6-41EA-A1FD-8A4A62BD50EE}.Debug|Any CPU.ActiveCfg = Debug|Any CPU
		{9699987E-C6A6-41EA-A1FD-8A4A62BD50EE}.Debug|Any CPU.Build.0 = Debug|Any CPU
		{9699987E-C6A6-41EA-A1FD-8A4A62BD50EE}.Release|Any CPU.ActiveCfg = Release|Any CPU
		{9699987E-C6A6-41EA-A1FD-8A4A62BD50EE}.Release|Any CPU.Build.0 = Release|Any CPU
	EndGlobalSection
	GlobalSection(SolutionProperties) = preSolution
		HideSolutionNode = FALSE
	EndGlobalSection
	GlobalSection(ExtensibilityGlobals) = postSolution
		SolutionGuid = {47E5D8DA-9090-437B-9509-21C1EAB4B373}
	EndGlobalSection
EndGlobal
